
Microsoft Visual Studio Solution File, Format Version 12.00
# Visual Studio Version 17
VisualStudioVersion = 17.0.31903.59
MinimumVisualStudioVersion = 10.0.40219.1
Project("{FAE04EC0-301F-11D3-BF4B-00C04F79EFBC}") = "Guardzilla", "Guardzilla\Guardzilla.csproj", "{BA143399-DC5F-4A1B-94AB-BFED625A9E4A}"
EndProject
Global
	GlobalSection(SolutionConfigurationPlatforms) = preSolution
		Debug|Any CPU = Debug|Any CPU
		Release|Any CPU = Release|Any CPU
	EndGlobalSection
	GlobalSection(ProjectConfigurationPlatforms) = postSolution
		{BA143399-DC5F-4A1B-94AB-BFED625A9E4A}.Debug|Any CPU.ActiveCfg = Debug|Any CPU
		{BA143399-DC5F-4A1B-94AB-BFED625A9E4A}.Debug|Any CPU.Build.0 = Debug|Any CPU
		{BA143399-DC5F-4A1B-94AB-BFED625A9E4A}.Release|Any CPU.ActiveCfg = Release|Any CPU
		{BA143399-DC5F-4A1B-94AB-BFED625A9E4A}.Release|Any CPU.Build.0 = Release|Any CPU
	EndGlobalSection
	GlobalSection(SolutionProperties) = preSolution
		HideSolutionNode = FALSE
	EndGlobalSection
	GlobalSection(ExtensibilityGlobals) = postSolution
		SolutionGuid = {81683EFE-1A80-4331-A196-697E96990C3B}
	EndGlobalSection
EndGlobal
